
Microsoft Visual Studio Solution File, Format Version 12.00
# Visual Studio Version 17
VisualStudioVersion = 17.7.34031.279
MinimumVisualStudioVersion = 10.0.40219.1
Project("{9A19103F-16F7-4668-BE54-9A1E7A4F7556}") = "Stock.Market.Data", "Stock.Market.Data\Stock.Market.Data.csproj", "{AA5E0284-3320-4867-9195-444E9DB003EB}"
EndProject
Project("{9A19103F-16F7-4668-BE54-9A1E7A4F7556}") = "Stock.Market.WebApi.GraphQL", "Stock.Market.WebApi.GraphQL\Stock.Market.WebApi.GraphQL.csproj", "{7E654EB0-E0FF-481B-B290-20EF525B19CD}"
EndProject
Project("{9A19103F-16F7-4668-BE54-9A1E7A4F7556}") = "Stock.Market.EventProcessor", "Stock.Market.EventProcessor\Stock.Market.EventProcessor.csproj", "{B6DC1475-5947-497C-B4EE-0522BDF79591}"
EndProject
Project("{2150E333-8FDC-42A3-9474-1A3956D46DE8}") = "Tests", "Tests", "{F4AEBC1B-BD0E-4CEE-9D0E-0AD321A8FB4F}"
EndProject
Project("{9A19103F-16F7-4668-BE54-9A1E7A4F7556}") = "Stock.Market.WebApi.GraphQL.Tests", "Tests\Stock.Market.WebApi.GraphQL.Tests\Stock.Market.WebApi.GraphQL.Tests.csproj", "{4C990730-6C14-4AED-A64A-E555EFD9CC28}"
EndProject
Project("{2150E333-8FDC-42A3-9474-1A3956D46DE8}") = "Solution Items", "Solution Items", "{3FDC12CD-0FBF-44D1-8DCC-50A7E34271FD}"
	ProjectSection(SolutionItems) = preProject
		docker-compose.yaml = docker-compose.yaml
	EndProjectSection
EndProject
Global
	GlobalSection(SolutionConfigurationPlatforms) = preSolution
		Debug|Any CPU = Debug|Any CPU
		Release|Any CPU = Release|Any CPU
	EndGlobalSection
	GlobalSection(ProjectConfigurationPlatforms) = postSolution
		{AA5E0284-3320-4867-9195-444E9DB003EB}.Debug|Any CPU.ActiveCfg = Debug|Any CPU
		{AA5E0284-3320-4867-9195-444E9DB003EB}.Debug|Any CPU.Build.0 = Debug|Any CPU
		{AA5E0284-3320-4867-9195-444E9DB003EB}.Release|Any CPU.ActiveCfg = Release|Any CPU
		{AA5E0284-3320-4867-9195-444E9DB003EB}.Release|Any CPU.Build.0 = Release|Any CPU
		{7E654EB0-E0FF-481B-B290-20EF525B19CD}.Debug|Any CPU.ActiveCfg = Debug|Any CPU
		{7E654EB0-E0FF-481B-B290-20EF525B19CD}.Debug|Any CPU.Build.0 = Debug|Any CPU
		{7E654EB0-E0FF-481B-B290-20EF525B19CD}.Release|Any CPU.ActiveCfg = Release|Any CPU
		{7E654EB0-E0FF-481B-B290-20EF525B19CD}.Release|Any CPU.Build.0 = Release|Any CPU
		{B6DC1475-5947-497C-B4EE-0522BDF79591}.Debug|Any CPU.ActiveCfg = Debug|Any CPU
		{B6DC1475-5947-497C-B4EE-0522BDF79591}.Debug|Any CPU.Build.0 = Debug|Any CPU
		{B6DC1475-5947-497C-B4EE-0522BDF79591}.Release|Any CPU.ActiveCfg = Release|Any CPU
		{B6DC1475-5947-497C-B4EE-0522BDF79591}.Release|Any CPU.Build.0 = Release|Any CPU
		{4C990730-6C14-4AED-A64A-E555EFD9CC28}.Debug|Any CPU.ActiveCfg = Debug|Any CPU
		{4C990730-6C14-4AED-A64A-E555EFD9CC28}.Debug|Any CPU.Build.0 = Debug|Any CPU
		{4C990730-6C14-4AED-A64A-E555EFD9CC28}.Release|Any CPU.ActiveCfg = Release|Any CPU
		{4C990730-6C14-4AED-A64A-E555EFD9CC28}.Release|Any CPU.Build.0 = Release|Any CPU
	EndGlobalSection
	GlobalSection(SolutionProperties) = preSolution
		HideSolutionNode = FALSE
	EndGlobalSection
	GlobalSection(NestedProjects) = preSolution
		{4C990730-6C14-4AED-A64A-E555EFD9CC28} = {F4AEBC1B-BD0E-4CEE-9D0E-0AD321A8FB4F}
	EndGlobalSection
	GlobalSection(ExtensibilityGlobals) = postSolution
		SolutionGuid = {42155ABE-2417-4ED0-8121-36F364E33606}
	EndGlobalSection
EndGlobal
